{
  "name": "workspaces-shared-deps",
  "version": "1.0.0",
  "lockfileVersion": 2,
  "requires": true,
  "packages": {
    "": {
      "name": "workspaces-shared-deps",
      "version": "1.0.0",
      "workspaces": {
        "packages": [
          "packages/*"
        ]
      }
    },
    "node_modules/a": {
      "resolved": "packages/a",
      "link": true
    },
    "node_modules/abbrev": {
      "name": "abbrev",
      "version": "1.1.1",
      "resolved": "https://registry.npmjs.org/abbrev/-/abbrev-1.1.1.tgz",
      "integrity": "sha512-nne9/IiQ/hzIhY6pdDnbBtz7DjPTKrY00P/zvPSm5pOFkl6xuGrGnXn/VtTNNfNtAfZ9/1RtehkszU9qcTii0Q=="
    },
    "node_modules/b": {
      "resolved": "packages/b",
      "link": true
    },
    "node_modules/c": {
      "resolved": "packages/c",
      "link": true
    },
    "node_modules/uuid": {
      "name": "uuid",
      "version": "3.3.3",
      "resolved": "https://registry.npmjs.org/uuid/-/uuid-3.3.3.tgz",
      "integrity": "sha512-pW0No1RGHgzlpHJO1nsVrHKpOEIxkGg1xB+v0ZmdNH5OAeAwzAVrCnI2/6Mtx+Uys6iaylxa+D3g4j63IKKjSQ==",
      "bin": {
        "uuid": "bin/uuid"
      }
    },
    "packages/a": {
      "name": "a",
      "version": "1.0.0",
      "dependencies": {
        "abbrev": "^1.1.1"
      }
    },
    "packages/b": {
      "name": "b",
      "version": "1.0.0",
      "dependencies": {
        "abbrev": "^1.1.1"
      }
    },
    "packages/c": {
      "name": "c",
      "version": "1.0.0",
      "dependencies": {
        "uuid": "=3.3.3"
      }
    }
  },
  "dependencies": {
    "a": {
      "version": "file:packages/a"
    },
    "abbrev": {
      "version": "1.1.1",
      "resolved": "https://registry.npmjs.org/abbrev/-/abbrev-1.1.1.tgz",
      "integrity": "sha512-nne9/IiQ/hzIhY6pdDnbBtz7DjPTKrY00P/zvPSm5pOFkl6xuGrGnXn/VtTNNfNtAfZ9/1RtehkszU9qcTii0Q=="
    },
    "b": {
      "version": "file:packages/b"
    },
    "c": {
      "version": "file:packages/c"
    },
    "uuid": {
      "version": "3.3.3",
      "resolved": "https://registry.npmjs.org/uuid/-/uuid-3.3.3.tgz",
      "integrity": "sha512-pW0No1RGHgzlpHJO1nsVrHKpOEIxkGg1xB+v0ZmdNH5OAeAwzAVrCnI2/6Mtx+Uys6iaylxa+D3g4j63IKKjSQ=="
    }
  }
}
