{
  "name": "@isaacs/testing-rebuild-bundle-a",
  "version": "1.0.0",
  "lockfileVersion": 1,
  "requires": true,
  "dependencies": {
    "@isaacs/testing-rebuild-bundle-b": {
      "version": "1.0.0",
      "resolved": "https://registry.npmjs.org/@isaacs/testing-rebuild-bundle-b/-/testing-rebuild-bundle-b-1.0.0.tgz",
      "integrity": "sha512-LfOAULGGyxgQrxiJtp0Q4aXZnFYmvbmqq9oJRl21KFZRzzDLxCebvIGVCiBspmO/xIoAPhPwulJyKV3CgbI6mQ=="
    }
  }
}
