{
  "name": "a",
  "version": "1.2.3",
  "lockfileVersion": 1,
  "requires": true,
  "dependencies": {
    "abbrev": {
      "version": "1.1.1",
      "resolved": "https://registry.npmjs.org/abbrev/-/abbrev-1.1.1.tgz",
      "integrity": "sha512-nne9/IiQ/hzIhY6pdDnbBtz7DjPTKrY00P/zvPSm5pOFkl6xuGrGnXn/VtTNNfNtAfZ9/1RtehkszU9qcTii0Q==",
      "dependencies": {
        "@scope/name": {
          "dependencies": {
            "@otherscope/othername": {
              "resolved": "fake resolved value",
              "integrity": "the integrity is not valid, clearly"
            }
          }
        }
      }
    },
    "unhosted-git": {
      "version": "git+https://mygit.com/isaacs/abbrev-js.git#a9ee72ebc8fe3975f1b0c7aeb3a8f2a806a432eb",
      "from": "git+https://mygit.com/isaacs/abbrev-js.git"
    },
    "full-git-url": {
      "version": "git+https://github.com/isaacs/abbrev-js.git#a9ee72ebc8fe3975f1b0c7aeb3a8f2a806a432eb",
      "from": "git+https://github.com/isaacs/abbrev-js.git"
    },
    "ghshort": {
      "version": "github:isaacs/abbrev-js#a9ee72ebc8fe3975f1b0c7aeb3a8f2a806a432eb",
      "from": "github:isaacs/abbrev-js"
    },
    "old": {
      "version": "npm:abbrev@1.0.3",
      "resolved": "https://registry.npmjs.org/abbrev/-/abbrev-1.0.3.tgz",
      "integrity": "sha1-qgScln+ZkiKqQuFENPDFYu9GgkE="
    },
    "pinned": {
      "version": "npm:abbrev@1.1.1",
      "resolved": "https://registry.npmjs.org/abbrev/-/abbrev-1.1.1.tgz",
      "integrity": "sha512-nne9/IiQ/hzIhY6pdDnbBtz7DjPTKrY00P/zvPSm5pOFkl6xuGrGnXn/VtTNNfNtAfZ9/1RtehkszU9qcTii0Q=="
    },
    "reg": {
      "version": "npm:abbrev@1.1.1",
      "resolved": "https://localhost:8080/abbrev/-/abbrev-1.1.1.tgz",
      "integrity": "sha512-nne9/IiQ/hzIhY6pdDnbBtz7DjPTKrY00P/zvPSm5pOFkl6xuGrGnXn/VtTNNfNtAfZ9/1RtehkszU9qcTii0Q=="
    },
    "remote": {
      "version": "https://registry.npmjs.org/abbrev/-/abbrev-1.1.1.tgz",
      "integrity": "sha512-nne9/IiQ/hzIhY6pdDnbBtz7DjPTKrY00P/zvPSm5pOFkl6xuGrGnXn/VtTNNfNtAfZ9/1RtehkszU9qcTii0Q=="
    },
    "symlink": {
      "version": "file:./abbrev-link-target"
    },
    "tarball": {
      "version": "file:abbrev-1.1.1.tgz",
      "integrity": "sha512-nne9/IiQ/hzIhY6pdDnbBtz7DjPTKrY00P/zvPSm5pOFkl6xuGrGnXn/VtTNNfNtAfZ9/1RtehkszU9qcTii0Q=="
    }
  }
}
