{
  "name": "root",
  "version": "1.2.3",
  "lockfileVersion": 2,
  "requires": true,
  "packages": {
    "": {
      "name": "root",
      "version": "1.2.3",
      "bundleDependencies": [
        "child"
      ],
      "dependencies": {
        "child": "file:child-1.2.3.tgz"
      }
    },
    "node_modules/child": {
      "version": "1.2.3",
      "resolved": "file:child-1.2.3.tgz",
      "integrity": "sha512-541DhKMZIYG6zQp9d5yFTw62pwGLKVnWK4zT9uBpQ/n2mZlzFbjgP68ifK5Qbi6bHfWiGSWoZITV3mwhRkSoTQ==",
      "inBundle": true
    }
  },
  "dependencies": {
    "child": {
      "version": "file:child-1.2.3.tgz",
      "integrity": "sha512-541DhKMZIYG6zQp9d5yFTw62pwGLKVnWK4zT9uBpQ/n2mZlzFbjgP68ifK5Qbi6bHfWiGSWoZITV3mwhRkSoTQ==",
      "bundled": true
    }
  }
}
