{
  "name": "@isaacs/minimist-git-dep",
  "version": "1.0.0",
  "lockfileVersion": 1,
  "requires": true,
  "dependencies": {
    "minimist": {
      "version": "github:substack/minimist#3754568bfd43a841d2d72d7fb54598635aea8fa4",
      "from": "github:substack/minimist#3754568bfd43a841d2d72d7fb54598635aea8fa4"
    }
  }
}
